
Microsoft Visual Studio Solution File, Format Version 12.00
# Visual Studio Version 16
VisualStudioVersion = 16.0.28803.156
MinimumVisualStudioVersion = 10.0.40219.1
Project("{9A19103F-16F7-4668-BE54-9A1E7A4F7556}") = "BenderProxy", "BenderProxy\BenderProxy.csproj", "{721E48C7-6C21-43C8-9F63-7037D15C7553}"
EndProject
Project("{9A19103F-16F7-4668-BE54-9A1E7A4F7556}") = "BenderProxy.Tests", "BenderProxy.Tests\BenderProxy.Tests.csproj", "{0A653204-8D72-449C-BF69-E5362A31A0A1}"
EndProject
Project("{FAE04EC0-301F-11D3-BF4B-00C04F79EFBC}") = "BenderProxy.ConsoleApp", "BenderProxy.ConsoleApp\BenderProxy.ConsoleApp.csproj", "{D3471B21-D992-4AEB-956E-9BB47DF28EF3}"
EndProject
Global
	GlobalSection(SolutionConfigurationPlatforms) = preSolution
		Debug|Any CPU = Debug|Any CPU
		Release|Any CPU = Release|Any CPU
	EndGlobalSection
	GlobalSection(ProjectConfigurationPlatforms) = postSolution
		{721E48C7-6C21-43C8-9F63-7037D15C7553}.Debug|Any CPU.ActiveCfg = Debug|Any CPU
		{721E48C7-6C21-43C8-9F63-7037D15C7553}.Debug|Any CPU.Build.0 = Debug|Any CPU
		{721E48C7-6C21-43C8-9F63-7037D15C7553}.Release|Any CPU.ActiveCfg = Release|Any CPU
		{721E48C7-6C21-43C8-9F63-7037D15C7553}.Release|Any CPU.Build.0 = Release|Any CPU
		{0A653204-8D72-449C-BF69-E5362A31A0A1}.Debug|Any CPU.ActiveCfg = Debug|Any CPU
		{0A653204-8D72-449C-BF69-E5362A31A0A1}.Debug|Any CPU.Build.0 = Debug|Any CPU
		{0A653204-8D72-449C-BF69-E5362A31A0A1}.Release|Any CPU.ActiveCfg = Release|Any CPU
		{0A653204-8D72-449C-BF69-E5362A31A0A1}.Release|Any CPU.Build.0 = Release|Any CPU
		{D3471B21-D992-4AEB-956E-9BB47DF28EF3}.Debug|Any CPU.ActiveCfg = Debug|Any CPU
		{D3471B21-D992-4AEB-956E-9BB47DF28EF3}.Debug|Any CPU.Build.0 = Debug|Any CPU
		{D3471B21-D992-4AEB-956E-9BB47DF28EF3}.Release|Any CPU.ActiveCfg = Release|Any CPU
		{D3471B21-D992-4AEB-956E-9BB47DF28EF3}.Release|Any CPU.Build.0 = Release|Any CPU
	EndGlobalSection
	GlobalSection(SolutionProperties) = preSolution
		HideSolutionNode = FALSE
	EndGlobalSection
	GlobalSection(ExtensibilityGlobals) = postSolution
		SolutionGuid = {346F2D40-EB47-4058-A065-E940294232EB}
	EndGlobalSection
EndGlobal
